{
  "name": "baileo",
  "version": "0.0.1",
  "lockfileVersion": 3,
  "requires": true,
  "packages": {
    "": {
      "name": "baileo",
      "version": "0.0.1",
      "dependencies": {
        "@sveltejs/adapter-static": "^2.0.3"
      },
      "devDependencies": {
        "@sveltejs/adapter-auto": "^2.0.0",
        "@sveltejs/kit": "^1.27.4",
        "svelte": "^4.0.5",
        "svelte-adapter-github": "^1.0.0-next.0",
        "vite": "^4.4.2"
      }
    },
    "node_modules/@ampproject/remapping": {
      "version": "2.2.1",
      "license": "Apache-2.0",
      "dependencies": {
        "@jridgewell/gen-mapping": "^0.3.0",
        "@jridgewell/trace-mapping": "^0.3.9"
      },
      "engines": {
        "node": ">=6.0.0"
      }
    },
    "node_modules/@esbuild/darwin-arm64": {
      "version": "0.18.20",
      "cpu": [
        "arm64"
      ],
      "license": "MIT",
      "optional": true,
      "os": [
        "darwin"
      ],
      "engines": {
        "node": ">=12"
      }
    },
    "node_modules/@fastify/busboy": {
      "version": "2.1.0",
      "license": "MIT",
      "engines": {
        "node": ">=14"
      }
    },
    "node_modules/@jridgewell/gen-mapping": {
      "version": "0.3.3",
      "license": "MIT",
      "dependencies": {
        "@jridgewell/set-array": "^1.0.1",
        "@jridgewell/sourcemap-codec": "^1.4.10",
        "@jridgewell/trace-mapping": "^0.3.9"
      },
      "engines": {
        "node": ">=6.0.0"
      }
    },
    "node_modules/@jridgewell/resolve-uri": {
      "version": "3.1.1",
      "license": "MIT",
      "engines": {
        "node": ">=6.0.0"
      }
    },
    "node_modules/@jridgewell/set-array": {
      "version": "1.1.2",
      "license": "MIT",
      "engines": {
        "node": ">=6.0.0"
      }
    },
    "node_modules/@jridgewell/sourcemap-codec": {
      "version": "1.4.15",
      "license": "MIT"
    },
    "node_modules/@jridgewell/trace-mapping": {
      "version": "0.3.20",
      "license": "MIT",
      "dependencies": {
        "@jridgewell/resolve-uri": "^3.1.0",
        "@jridgewell/sourcemap-codec": "^1.4.14"
      }
    },
    "node_modules/@polka/url": {
      "version": "1.0.0-next.23",
      "license": "MIT"
    },
    "node_modules/@sveltejs/adapter-auto": {
      "version": "2.1.1",
      "dev": true,
      "license": "MIT",
      "dependencies": {
        "import-meta-resolve": "^4.0.0"
      },
      "peerDependencies": {
        "@sveltejs/kit": "^1.0.0"
      }
    },
    "node_modules/@sveltejs/adapter-static": {
      "version": "2.0.3",
      "license": "MIT",
      "peerDependencies": {
        "@sveltejs/kit": "^1.5.0"
      }
    },
    "node_modules/@sveltejs/kit": {
      "version": "1.27.6",
      "hasInstallScript": true,
      "license": "MIT",
      "dependencies": {
        "@sveltejs/vite-plugin-svelte": "^2.5.0",
        "@types/cookie": "^0.5.1",
        "cookie": "^0.5.0",
        "devalue": "^4.3.1",
        "esm-env": "^1.0.0",
        "kleur": "^4.1.5",
        "magic-string": "^0.30.0",
        "mrmime": "^1.0.1",
        "sade": "^1.8.1",
        "set-cookie-parser": "^2.6.0",
        "sirv": "^2.0.2",
        "tiny-glob": "^0.2.9",
        "undici": "~5.26.2"
      },
      "bin": {
        "svelte-kit": "svelte-kit.js"
      },
      "engines": {
        "node": "^16.14 || >=18"
      },
      "peerDependencies": {
        "svelte": "^3.54.0 || ^4.0.0-next.0 || ^5.0.0-next.0",
        "vite": "^4.0.0"
      }
    },
    "node_modules/@sveltejs/vite-plugin-svelte": {
      "version": "2.5.2",
      "license": "MIT",
      "dependencies": {
        "@sveltejs/vite-plugin-svelte-inspector": "^1.0.4",
        "debug": "^4.3.4",
        "deepmerge": "^4.3.1",
        "kleur": "^4.1.5",
        "magic-string": "^0.30.3",
        "svelte-hmr": "^0.15.3",
        "vitefu": "^0.2.4"
      },
      "engines": {
        "node": "^14.18.0 || >= 16"
      },
      "peerDependencies": {
        "svelte": "^3.54.0 || ^4.0.0 || ^5.0.0-next.0",
        "vite": "^4.0.0"
      }
    },
    "node_modules/@sveltejs/vite-plugin-svelte-inspector": {
      "version": "1.0.4",
      "license": "MIT",
      "dependencies": {
        "debug": "^4.3.4"
      },
      "engines": {
        "node": "^14.18.0 || >= 16"
      },
      "peerDependencies": {
        "@sveltejs/vite-plugin-svelte": "^2.2.0",
        "svelte": "^3.54.0 || ^4.0.0",
        "vite": "^4.0.0"
      }
    },
    "node_modules/@types/cookie": {
      "version": "0.5.4",
      "license": "MIT"
    },
    "node_modules/@types/estree": {
      "version": "1.0.5",
      "license": "MIT"
    },
    "node_modules/acorn": {
      "version": "8.11.2",
      "license": "MIT",
      "bin": {
        "acorn": "bin/acorn"
      },
      "engines": {
        "node": ">=0.4.0"
      }
    },
    "node_modules/aria-query": {
      "version": "5.3.0",
      "license": "Apache-2.0",
      "dependencies": {
        "dequal": "^2.0.3"
      }
    },
    "node_modules/axobject-query": {
      "version": "3.2.1",
      "license": "Apache-2.0",
      "dependencies": {
        "dequal": "^2.0.3"
      }
    },
    "node_modules/code-red": {
      "version": "1.0.4",
      "license": "MIT",
      "dependencies": {
        "@jridgewell/sourcemap-codec": "^1.4.15",
        "@types/estree": "^1.0.1",
        "acorn": "^8.10.0",
        "estree-walker": "^3.0.3",
        "periscopic": "^3.1.0"
      }
    },
    "node_modules/cookie": {
      "version": "0.5.0",
      "license": "MIT",
      "engines": {
        "node": ">= 0.6"
      }
    },
    "node_modules/css-tree": {
      "version": "2.3.1",
      "license": "MIT",
      "dependencies": {
        "mdn-data": "2.0.30",
        "source-map-js": "^1.0.1"
      },
      "engines": {
        "node": "^10 || ^12.20.0 || ^14.13.0 || >=15.0.0"
      }
    },
    "node_modules/debug": {
      "version": "4.3.4",
      "license": "MIT",
      "dependencies": {
        "ms": "2.1.2"
      },
      "engines": {
        "node": ">=6.0"
      },
      "peerDependenciesMeta": {
        "supports-color": {
          "optional": true
        }
      }
    },
    "node_modules/deepmerge": {
      "version": "4.3.1",
      "license": "MIT",
      "engines": {
        "node": ">=0.10.0"
      }
    },
    "node_modules/dequal": {
      "version": "2.0.3",
      "license": "MIT",
      "engines": {
        "node": ">=6"
      }
    },
    "node_modules/devalue": {
      "version": "4.3.2",
      "license": "MIT"
    },
    "node_modules/esbuild": {
      "version": "0.18.20",
      "hasInstallScript": true,
      "license": "MIT",
      "bin": {
        "esbuild": "bin/esbuild"
      },
      "engines": {
        "node": ">=12"
      },
      "optionalDependencies": {
        "@esbuild/android-arm": "0.18.20",
        "@esbuild/android-arm64": "0.18.20",
        "@esbuild/android-x64": "0.18.20",
        "@esbuild/darwin-arm64": "0.18.20",
        "@esbuild/darwin-x64": "0.18.20",
        "@esbuild/freebsd-arm64": "0.18.20",
        "@esbuild/freebsd-x64": "0.18.20",
        "@esbuild/linux-arm": "0.18.20",
        "@esbuild/linux-arm64": "0.18.20",
        "@esbuild/linux-ia32": "0.18.20",
        "@esbuild/linux-loong64": "0.18.20",
        "@esbuild/linux-mips64el": "0.18.20",
        "@esbuild/linux-ppc64": "0.18.20",
        "@esbuild/linux-riscv64": "0.18.20",
        "@esbuild/linux-s390x": "0.18.20",
        "@esbuild/linux-x64": "0.18.20",
        "@esbuild/netbsd-x64": "0.18.20",
        "@esbuild/openbsd-x64": "0.18.20",
        "@esbuild/sunos-x64": "0.18.20",
        "@esbuild/win32-arm64": "0.18.20",
        "@esbuild/win32-ia32": "0.18.20",
        "@esbuild/win32-x64": "0.18.20"
      }
    },
    "node_modules/esm-env": {
      "version": "1.0.0",
      "license": "MIT"
    },
    "node_modules/estree-walker": {
      "version": "3.0.3",
      "license": "MIT",
      "dependencies": {
        "@types/estree": "^1.0.0"
      }
    },
    "node_modules/fsevents": {
      "version": "2.3.3",
      "license": "MIT",
      "optional": true,
      "os": [
        "darwin"
      ],
      "engines": {
        "node": "^8.16.0 || ^10.6.0 || >=11.0.0"
      }
    },
    "node_modules/globalyzer": {
      "version": "0.1.0",
      "license": "MIT"
    },
    "node_modules/globrex": {
      "version": "0.1.2",
      "license": "MIT"
    },
    "node_modules/import-meta-resolve": {
      "version": "4.0.0",
      "dev": true,
      "license": "MIT",
      "funding": {
        "type": "github",
        "url": "https://github.com/sponsors/wooorm"
      }
    },
    "node_modules/is-reference": {
      "version": "3.0.2",
      "license": "MIT",
      "dependencies": {
        "@types/estree": "*"
      }
    },
    "node_modules/kleur": {
      "version": "4.1.5",
      "license": "MIT",
      "engines": {
        "node": ">=6"
      }
    },
    "node_modules/locate-character": {
      "version": "3.0.0",
      "license": "MIT"
    },
    "node_modules/magic-string": {
      "version": "0.30.5",
      "license": "MIT",
      "dependencies": {
        "@jridgewell/sourcemap-codec": "^1.4.15"
      },
      "engines": {
        "node": ">=12"
      }
    },
    "node_modules/mdn-data": {
      "version": "2.0.30",
      "license": "CC0-1.0"
    },
    "node_modules/mri": {
      "version": "1.2.0",
      "license": "MIT",
      "engines": {
        "node": ">=4"
      }
    },
    "node_modules/mrmime": {
      "version": "1.0.1",
      "license": "MIT",
      "engines": {
        "node": ">=10"
      }
    },
    "node_modules/ms": {
      "version": "2.1.2",
      "license": "MIT"
    },
    "node_modules/nanoid": {
      "version": "3.3.7",
      "funding": [
        {
          "type": "github",
          "url": "https://github.com/sponsors/ai"
        }
      ],
      "license": "MIT",
      "bin": {
        "nanoid": "bin/nanoid.cjs"
      },
      "engines": {
        "node": "^10 || ^12 || ^13.7 || ^14 || >=15.0.1"
      }
    },
    "node_modules/periscopic": {
      "version": "3.1.0",
      "license": "MIT",
      "dependencies": {
        "@types/estree": "^1.0.0",
        "estree-walker": "^3.0.0",
        "is-reference": "^3.0.0"
      }
    },
    "node_modules/picocolors": {
      "version": "1.0.0",
      "license": "ISC"
    },
    "node_modules/postcss": {
      "version": "8.4.31",
      "funding": [
        {
          "type": "opencollective",
          "url": "https://opencollective.com/postcss/"
        },
        {
          "type": "tidelift",
          "url": "https://tidelift.com/funding/github/npm/postcss"
        },
        {
          "type": "github",
          "url": "https://github.com/sponsors/ai"
        }
      ],
      "license": "MIT",
      "dependencies": {
        "nanoid": "^3.3.6",
        "picocolors": "^1.0.0",
        "source-map-js": "^1.0.2"
      },
      "engines": {
        "node": "^10 || ^12 || >=14"
      }
    },
    "node_modules/rollup": {
      "version": "3.29.4",
      "license": "MIT",
      "bin": {
        "rollup": "dist/bin/rollup"
      },
      "engines": {
        "node": ">=14.18.0",
        "npm": ">=8.0.0"
      },
      "optionalDependencies": {
        "fsevents": "~2.3.2"
      }
    },
    "node_modules/sade": {
      "version": "1.8.1",
      "license": "MIT",
      "dependencies": {
        "mri": "^1.1.0"
      },
      "engines": {
        "node": ">=6"
      }
    },
    "node_modules/set-cookie-parser": {
      "version": "2.6.0",
      "license": "MIT"
    },
    "node_modules/sirv": {
      "version": "2.0.3",
      "license": "MIT",
      "dependencies": {
        "@polka/url": "^1.0.0-next.20",
        "mrmime": "^1.0.0",
        "totalist": "^3.0.0"
      },
      "engines": {
        "node": ">= 10"
      }
    },
    "node_modules/source-map-js": {
      "version": "1.0.2",
      "license": "BSD-3-Clause",
      "engines": {
        "node": ">=0.10.0"
      }
    },
    "node_modules/svelte": {
      "version": "4.2.3",
      "license": "MIT",
      "dependencies": {
        "@ampproject/remapping": "^2.2.1",
        "@jridgewell/sourcemap-codec": "^1.4.15",
        "@jridgewell/trace-mapping": "^0.3.18",
        "acorn": "^8.9.0",
        "aria-query": "^5.3.0",
        "axobject-query": "^3.2.1",
        "code-red": "^1.0.3",
        "css-tree": "^2.3.1",
        "estree-walker": "^3.0.3",
        "is-reference": "^3.0.1",
        "locate-character": "^3.0.0",
        "magic-string": "^0.30.4",
        "periscopic": "^3.1.0"
      },
      "engines": {
        "node": ">=16"
      }
    },
    "node_modules/svelte-adapter-github": {
      "version": "1.0.0-next.0",
      "resolved": "https://registry.npmjs.org/svelte-adapter-github/-/svelte-adapter-github-1.0.0-next.0.tgz",
      "integrity": "sha512-a2PIoA2UuMJYnhUnh4JkMnC8GgsNgAJzT9Z6UJGG+l4861nlZ6tgU7oF6GHcC19pbA88tM+kxJ3maKgOO0onMg==",
      "dev": true
    },
    "node_modules/svelte-hmr": {
      "version": "0.15.3",
      "license": "ISC",
      "engines": {
        "node": "^12.20 || ^14.13.1 || >= 16"
      },
      "peerDependencies": {
        "svelte": "^3.19.0 || ^4.0.0"
      }
    },
    "node_modules/tiny-glob": {
      "version": "0.2.9",
      "license": "MIT",
      "dependencies": {
        "globalyzer": "0.1.0",
        "globrex": "^0.1.2"
      }
    },
    "node_modules/totalist": {
      "version": "3.0.1",
      "license": "MIT",
      "engines": {
        "node": ">=6"
      }
    },
    "node_modules/undici": {
      "version": "5.26.5",
      "license": "MIT",
      "dependencies": {
        "@fastify/busboy": "^2.0.0"
      },
      "engines": {
        "node": ">=14.0"
      }
    },
    "node_modules/vite": {
      "version": "4.5.0",
      "license": "MIT",
      "dependencies": {
        "esbuild": "^0.18.10",
        "postcss": "^8.4.27",
        "rollup": "^3.27.1"
      },
      "bin": {
        "vite": "bin/vite.js"
      },
      "engines": {
        "node": "^14.18.0 || >=16.0.0"
      },
      "funding": {
        "url": "https://github.com/vitejs/vite?sponsor=1"
      },
      "optionalDependencies": {
        "fsevents": "~2.3.2"
      },
      "peerDependencies": {
        "@types/node": ">= 14",
        "less": "*",
        "lightningcss": "^1.21.0",
        "sass": "*",
        "stylus": "*",
        "sugarss": "*",
        "terser": "^5.4.0"
      },
      "peerDependenciesMeta": {
        "@types/node": {
          "optional": true
        },
        "less": {
          "optional": true
        },
        "lightningcss": {
          "optional": true
        },
        "sass": {
          "optional": true
        },
        "stylus": {
          "optional": true
        },
        "sugarss": {
          "optional": true
        },
        "terser": {
          "optional": true
        }
      }
    },
    "node_modules/vitefu": {
      "version": "0.2.5",
      "license": "MIT",
      "peerDependencies": {
        "vite": "^3.0.0 || ^4.0.0 || ^5.0.0"
      },
      "peerDependenciesMeta": {
        "vite": {
          "optional": true
        }
      }
    }
  }
}
